Microsoft Visual Studio Solution File, Format Version 12.00
# Visual Studio Version 16
VisualStudioVersion = 16.0.30114.105
MinimumVisualStudioVersion = 10.0.40219.1
Project("{FAE04EC0-301F-11D3-BF4B-00C04F79EFBC}") = "Test.Plugin", "Test.Plugin\Test.Plugin.csproj", "{AABA15D9-FC47-4217-9A34-84BD3A79AAA7}"
EndProject
Project("{FAE04EC0-301F-11D3-BF4B-00C04F79EFBC}") = "Test.Plugin.Test", "Test.Plugin.Test\Test.Plugin.Test.csproj", "{08F950B7-38B3-4DFD-9FBE-6F4842F88006}"
EndProject
Project("{2150E333-8FDC-42A3-9474-1A3956D46DE8}") = "Pe", "Pe", "{B4D8159A-4111-416B-B4E9-0F3285913AFB}"
EndProject
Project("{2150E333-8FDC-42A3-9474-1A3956D46DE8}") = "bridge", "bridge", "{42C11C20-96ED-44F0-87D4-478E7B7D8555}"
EndProject
Project("{FAE04EC0-301F-11D3-BF4B-00C04F79EFBC}") = "Pe.Bridge", "Pe\Source\Pe\Pe.Bridge\Pe.Bridge.csproj", "{9C3F6699-F77E-48E4-9FE6-7054AE6BD25E}"
EndProject
Project("{FAE04EC0-301F-11D3-BF4B-00C04F79EFBC}") = "Pe.Embedded", "Pe\Source\Pe\Pe.Embedded\Pe.Embedded.csproj", "{8F4F1DAC-1884-4EE1-A81D-FB65BBED70DE}"
EndProject
Project("{2150E333-8FDC-42A3-9474-1A3956D46DE8}") = "lib", "lib", "{0137E0C4-E87D-4598-B448-3F3A1035672B}"
EndProject
Project("{2150E333-8FDC-42A3-9474-1A3956D46DE8}") = "standard", "standard", "{7CFD24FB-54EE-45B5-B5D6-E8CBAEA9D8AD}"
EndProject
Project("{FAE04EC0-301F-11D3-BF4B-00C04F79EFBC}") = "Pe.Standard.Base", "Pe\Source\Pe\Pe.Standard.Base\Pe.Standard.Base.csproj", "{D6E28229-7FA6-4149-8D66-4DD76BA3E8C4}"
EndProject
Project("{FAE04EC0-301F-11D3-BF4B-00C04F79EFBC}") = "Pe.Standard.CliProxy", "Pe\Source\Pe\Pe.Standard.CliProxy\Pe.Standard.CliProxy.csproj", "{C930398C-F61E-49B1-8D05-4DD7B471E34C}"
EndProject
Project("{FAE04EC0-301F-11D3-BF4B-00C04F79EFBC}") = "Pe.Standard.Property", "Pe\Source\Pe\Pe.Standard.Property\Pe.Standard.Property.csproj", "{1FFDED37-A684-4315-ACC6-A0C4D3D86E3D}"
EndProject
Project("{FAE04EC0-301F-11D3-BF4B-00C04F79EFBC}") = "Pe.Standard.Database", "Pe\Source\Pe\Pe.Standard.Database\Pe.Standard.Database.csproj", "{8FF9C686-D7E9-49FE-949B-A97FDA377D53}"
EndProject
Project("{FAE04EC0-301F-11D3-BF4B-00C04F79EFBC}") = "Pe.Standard.DependencyInjection", "Pe\Source\Pe\Pe.Standard.DependencyInjection\Pe.Standard.DependencyInjection.csproj", "{4DA5D12A-2409-4F01-8D75-73BB055E70B6}"
EndProject
Project("{FAE04EC0-301F-11D3-BF4B-00C04F79EFBC}") = "Pe.PInvoke", "Pe\Source\Pe\Pe.PInvoke\Pe.PInvoke.csproj", "{21EE12A0-CD19-4079-97B1-D19D02710B6E}"
EndProject
Project("{FAE04EC0-301F-11D3-BF4B-00C04F79EFBC}") = "Pe.Core", "Pe\Source\Pe\Pe.Core\Pe.Core.csproj", "{051555F8-DEF6-42DB-A959-1D88B34E41EE}"
EndProject
Project("{2150E333-8FDC-42A3-9474-1A3956D46DE8}") = "plugins", "plugins", "{9B111090-C816-485D-8C4B-BB99A079BAC0}"
EndProject
Project("{FAE04EC0-301F-11D3-BF4B-00C04F79EFBC}") = "Pe.Plugins.DefaultTheme", "Pe\Source\Pe\Pe.Plugins.DefaultTheme\Pe.Plugins.DefaultTheme.csproj", "{23CDB1C8-F02B-42BC-9E1E-77517C620EE4}"
EndProject
Project("{FAE04EC0-301F-11D3-BF4B-00C04F79EFBC}") = "Pe.Main", "Pe\Source\Pe\Pe.Main\Pe.Main.csproj", "{D61491B9-4BB1-49E8-ABAC-309FF52F4AF3}"
EndProject
Global
	GlobalSection(SolutionConfigurationPlatforms) = preSolution
		Debug|x64 = Debug|x64
		Debug|x86 = Debug|x86
		Release|x64 = Release|x64
		Release|x86 = Release|x86
	EndGlobalSection
	GlobalSection(SolutionProperties) = preSolution
		HideSolutionNode = FALSE
	EndGlobalSection
	GlobalSection(ProjectConfigurationPlatforms) = postSolution
		{AABA15D9-FC47-4217-9A34-84BD3A79AAA7}.Debug|x64.ActiveCfg = Debug|x64
		{AABA15D9-FC47-4217-9A34-84BD3A79AAA7}.Debug|x64.Build.0 = Debug|x64
		{AABA15D9-FC47-4217-9A34-84BD3A79AAA7}.Debug|x86.ActiveCfg = Debug|x86
		{AABA15D9-FC47-4217-9A34-84BD3A79AAA7}.Debug|x86.Build.0 = Debug|x86
		{AABA15D9-FC47-4217-9A34-84BD3A79AAA7}.Release|x64.ActiveCfg = Release|x64
		{AABA15D9-FC47-4217-9A34-84BD3A79AAA7}.Release|x64.Build.0 = Release|x64
		{AABA15D9-FC47-4217-9A34-84BD3A79AAA7}.Release|x86.ActiveCfg = Release|x86
		{AABA15D9-FC47-4217-9A34-84BD3A79AAA7}.Release|x86.Build.0 = Release|x86
		{08F950B7-38B3-4DFD-9FBE-6F4842F88006}.Debug|x64.ActiveCfg = Debug|x64
		{08F950B7-38B3-4DFD-9FBE-6F4842F88006}.Debug|x64.Build.0 = Debug|x64
		{08F950B7-38B3-4DFD-9FBE-6F4842F88006}.Debug|x86.ActiveCfg = Debug|x86
		{08F950B7-38B3-4DFD-9FBE-6F4842F88006}.Debug|x86.Build.0 = Debug|x86
		{08F950B7-38B3-4DFD-9FBE-6F4842F88006}.Release|x64.ActiveCfg = Release|x64
		{08F950B7-38B3-4DFD-9FBE-6F4842F88006}.Release|x64.Build.0 = Release|x64
		{08F950B7-38B3-4DFD-9FBE-6F4842F88006}.Release|x86.ActiveCfg = Release|x86
		{08F950B7-38B3-4DFD-9FBE-6F4842F88006}.Release|x86.Build.0 = Release|x86
		{9C3F6699-F77E-48E4-9FE6-7054AE6BD25E}.Debug|x64.ActiveCfg = Debug|x64
		{9C3F6699-F77E-48E4-9FE6-7054AE6BD25E}.Debug|x64.Build.0 = Debug|x64
		{9C3F6699-F77E-48E4-9FE6-7054AE6BD25E}.Debug|x86.ActiveCfg = Debug|x86
		{9C3F6699-F77E-48E4-9FE6-7054AE6BD25E}.Debug|x86.Build.0 = Debug|x86
		{9C3F6699-F77E-48E4-9FE6-7054AE6BD25E}.Release|x64.ActiveCfg = Release|x64
		{9C3F6699-F77E-48E4-9FE6-7054AE6BD25E}.Release|x64.Build.0 = Release|x64
		{9C3F6699-F77E-48E4-9FE6-7054AE6BD25E}.Release|x86.ActiveCfg = Release|x86
		{9C3F6699-F77E-48E4-9FE6-7054AE6BD25E}.Release|x86.Build.0 = Release|x86
		{8F4F1DAC-1884-4EE1-A81D-FB65BBED70DE}.Debug|x64.ActiveCfg = Debug|x64
		{8F4F1DAC-1884-4EE1-A81D-FB65BBED70DE}.Debug|x64.Build.0 = Debug|x64
		{8F4F1DAC-1884-4EE1-A81D-FB65BBED70DE}.Debug|x86.ActiveCfg = Debug|x86
		{8F4F1DAC-1884-4EE1-A81D-FB65BBED70DE}.Debug|x86.Build.0 = Debug|x86
		{8F4F1DAC-1884-4EE1-A81D-FB65BBED70DE}.Release|x64.ActiveCfg = Release|x64
		{8F4F1DAC-1884-4EE1-A81D-FB65BBED70DE}.Release|x64.Build.0 = Release|x64
		{8F4F1DAC-1884-4EE1-A81D-FB65BBED70DE}.Release|x86.ActiveCfg = Release|x86
		{8F4F1DAC-1884-4EE1-A81D-FB65BBED70DE}.Release|x86.Build.0 = Release|x86
		{D6E28229-7FA6-4149-8D66-4DD76BA3E8C4}.Debug|x64.ActiveCfg = Debug|x64
		{D6E28229-7FA6-4149-8D66-4DD76BA3E8C4}.Debug|x64.Build.0 = Debug|x64
		{D6E28229-7FA6-4149-8D66-4DD76BA3E8C4}.Debug|x86.ActiveCfg = Debug|x86
		{D6E28229-7FA6-4149-8D66-4DD76BA3E8C4}.Debug|x86.Build.0 = Debug|x86
		{D6E28229-7FA6-4149-8D66-4DD76BA3E8C4}.Release|x64.ActiveCfg = Release|x64
		{D6E28229-7FA6-4149-8D66-4DD76BA3E8C4}.Release|x64.Build.0 = Release|x64
		{D6E28229-7FA6-4149-8D66-4DD76BA3E8C4}.Release|x86.ActiveCfg = Release|x86
		{D6E28229-7FA6-4149-8D66-4DD76BA3E8C4}.Release|x86.Build.0 = Release|x86
		{C930398C-F61E-49B1-8D05-4DD7B471E34C}.Debug|x64.ActiveCfg = Debug|x64
		{C930398C-F61E-49B1-8D05-4DD7B471E34C}.Debug|x64.Build.0 = Debug|x64
		{C930398C-F61E-49B1-8D05-4DD7B471E34C}.Debug|x86.ActiveCfg = Debug|x86
		{C930398C-F61E-49B1-8D05-4DD7B471E34C}.Debug|x86.Build.0 = Debug|x86
		{C930398C-F61E-49B1-8D05-4DD7B471E34C}.Release|x64.ActiveCfg = Release|x64
		{C930398C-F61E-49B1-8D05-4DD7B471E34C}.Release|x64.Build.0 = Release|x64
		{C930398C-F61E-49B1-8D05-4DD7B471E34C}.Release|x86.ActiveCfg = Release|x86
		{C930398C-F61E-49B1-8D05-4DD7B471E34C}.Release|x86.Build.0 = Release|x86
		{1FFDED37-A684-4315-ACC6-A0C4D3D86E3D}.Debug|x64.ActiveCfg = Debug|x64
		{1FFDED37-A684-4315-ACC6-A0C4D3D86E3D}.Debug|x64.Build.0 = Debug|x64
		{1FFDED37-A684-4315-ACC6-A0C4D3D86E3D}.Debug|x86.ActiveCfg = Debug|x86
		{1FFDED37-A684-4315-ACC6-A0C4D3D86E3D}.Debug|x86.Build.0 = Debug|x86
		{1FFDED37-A684-4315-ACC6-A0C4D3D86E3D}.Release|x64.ActiveCfg = Release|x64
		{1FFDED37-A684-4315-ACC6-A0C4D3D86E3D}.Release|x64.Build.0 = Release|x64
		{1FFDED37-A684-4315-ACC6-A0C4D3D86E3D}.Release|x86.ActiveCfg = Release|x86
		{1FFDED37-A684-4315-ACC6-A0C4D3D86E3D}.Release|x86.Build.0 = Release|x86
		{8FF9C686-D7E9-49FE-949B-A97FDA377D53}.Debug|x64.ActiveCfg = Debug|x64
		{8FF9C686-D7E9-49FE-949B-A97FDA377D53}.Debug|x64.Build.0 = Debug|x64
		{8FF9C686-D7E9-49FE-949B-A97FDA377D53}.Debug|x86.ActiveCfg = Debug|x86
		{8FF9C686-D7E9-49FE-949B-A97FDA377D53}.Debug|x86.Build.0 = Debug|x86
		{8FF9C686-D7E9-49FE-949B-A97FDA377D53}.Release|x64.ActiveCfg = Release|x64
		{8FF9C686-D7E9-49FE-949B-A97FDA377D53}.Release|x64.Build.0 = Release|x64
		{8FF9C686-D7E9-49FE-949B-A97FDA377D53}.Release|x86.ActiveCfg = Release|x86
		{8FF9C686-D7E9-49FE-949B-A97FDA377D53}.Release|x86.Build.0 = Release|x86
		{4DA5D12A-2409-4F01-8D75-73BB055E70B6}.Debug|x64.ActiveCfg = Debug|x64
		{4DA5D12A-2409-4F01-8D75-73BB055E70B6}.Debug|x64.Build.0 = Debug|x64
		{4DA5D12A-2409-4F01-8D75-73BB055E70B6}.Debug|x86.ActiveCfg = Debug|x86
		{4DA5D12A-2409-4F01-8D75-73BB055E70B6}.Debug|x86.Build.0 = Debug|x86
		{4DA5D12A-2409-4F01-8D75-73BB055E70B6}.Release|x64.ActiveCfg = Release|x64
		{4DA5D12A-2409-4F01-8D75-73BB055E70B6}.Release|x64.Build.0 = Release|x64
		{4DA5D12A-2409-4F01-8D75-73BB055E70B6}.Release|x86.ActiveCfg = Release|x86
		{4DA5D12A-2409-4F01-8D75-73BB055E70B6}.Release|x86.Build.0 = Release|x86
		{21EE12A0-CD19-4079-97B1-D19D02710B6E}.Debug|x64.ActiveCfg = Debug|x64
		{21EE12A0-CD19-4079-97B1-D19D02710B6E}.Debug|x64.Build.0 = Debug|x64
		{21EE12A0-CD19-4079-97B1-D19D02710B6E}.Debug|x86.ActiveCfg = Debug|x86
		{21EE12A0-CD19-4079-97B1-D19D02710B6E}.Debug|x86.Build.0 = Debug|x86
		{21EE12A0-CD19-4079-97B1-D19D02710B6E}.Release|x64.ActiveCfg = Release|x64
		{21EE12A0-CD19-4079-97B1-D19D02710B6E}.Release|x64.Build.0 = Release|x64
		{21EE12A0-CD19-4079-97B1-D19D02710B6E}.Release|x86.ActiveCfg = Release|x86
		{21EE12A0-CD19-4079-97B1-D19D02710B6E}.Release|x86.Build.0 = Release|x86
		{051555F8-DEF6-42DB-A959-1D88B34E41EE}.Debug|x64.ActiveCfg = Debug|x64
		{051555F8-DEF6-42DB-A959-1D88B34E41EE}.Debug|x64.Build.0 = Debug|x64
		{051555F8-DEF6-42DB-A959-1D88B34E41EE}.Debug|x86.ActiveCfg = Debug|x86
		{051555F8-DEF6-42DB-A959-1D88B34E41EE}.Debug|x86.Build.0 = Debug|x86
		{051555F8-DEF6-42DB-A959-1D88B34E41EE}.Release|x64.ActiveCfg = Release|x64
		{051555F8-DEF6-42DB-A959-1D88B34E41EE}.Release|x64.Build.0 = Release|x64
		{051555F8-DEF6-42DB-A959-1D88B34E41EE}.Release|x86.ActiveCfg = Release|x86
		{051555F8-DEF6-42DB-A959-1D88B34E41EE}.Release|x86.Build.0 = Release|x86
		{23CDB1C8-F02B-42BC-9E1E-77517C620EE4}.Debug|x64.ActiveCfg = Debug|x64
		{23CDB1C8-F02B-42BC-9E1E-77517C620EE4}.Debug|x64.Build.0 = Debug|x64
		{23CDB1C8-F02B-42BC-9E1E-77517C620EE4}.Debug|x86.ActiveCfg = Debug|x86
		{23CDB1C8-F02B-42BC-9E1E-77517C620EE4}.Debug|x86.Build.0 = Debug|x86
		{23CDB1C8-F02B-42BC-9E1E-77517C620EE4}.Release|x64.ActiveCfg = Release|x64
		{23CDB1C8-F02B-42BC-9E1E-77517C620EE4}.Release|x64.Build.0 = Release|x64
		{23CDB1C8-F02B-42BC-9E1E-77517C620EE4}.Release|x86.ActiveCfg = Release|x86
		{23CDB1C8-F02B-42BC-9E1E-77517C620EE4}.Release|x86.Build.0 = Release|x86
		{D61491B9-4BB1-49E8-ABAC-309FF52F4AF3}.Debug|x64.ActiveCfg = Debug|x64
		{D61491B9-4BB1-49E8-ABAC-309FF52F4AF3}.Debug|x64.Build.0 = Debug|x64
		{D61491B9-4BB1-49E8-ABAC-309FF52F4AF3}.Debug|x86.ActiveCfg = Debug|x86
		{D61491B9-4BB1-49E8-ABAC-309FF52F4AF3}.Debug|x86.Build.0 = Debug|x86
		{D61491B9-4BB1-49E8-ABAC-309FF52F4AF3}.Release|x64.ActiveCfg = Release|x64
		{D61491B9-4BB1-49E8-ABAC-309FF52F4AF3}.Release|x64.Build.0 = Release|x64
		{D61491B9-4BB1-49E8-ABAC-309FF52F4AF3}.Release|x86.ActiveCfg = Release|x86
		{D61491B9-4BB1-49E8-ABAC-309FF52F4AF3}.Release|x86.Build.0 = Release|x86
	EndGlobalSection
	GlobalSection(NestedProjects) = preSolution
		{42C11C20-96ED-44F0-87D4-478E7B7D8555} = {B4D8159A-4111-416B-B4E9-0F3285913AFB}
		{9C3F6699-F77E-48E4-9FE6-7054AE6BD25E} = {42C11C20-96ED-44F0-87D4-478E7B7D8555}
		{8F4F1DAC-1884-4EE1-A81D-FB65BBED70DE} = {42C11C20-96ED-44F0-87D4-478E7B7D8555}
		{0137E0C4-E87D-4598-B448-3F3A1035672B} = {B4D8159A-4111-416B-B4E9-0F3285913AFB}
		{7CFD24FB-54EE-45B5-B5D6-E8CBAEA9D8AD} = {0137E0C4-E87D-4598-B448-3F3A1035672B}
		{D6E28229-7FA6-4149-8D66-4DD76BA3E8C4} = {7CFD24FB-54EE-45B5-B5D6-E8CBAEA9D8AD}
		{C930398C-F61E-49B1-8D05-4DD7B471E34C} = {7CFD24FB-54EE-45B5-B5D6-E8CBAEA9D8AD}
		{1FFDED37-A684-4315-ACC6-A0C4D3D86E3D} = {7CFD24FB-54EE-45B5-B5D6-E8CBAEA9D8AD}
		{8FF9C686-D7E9-49FE-949B-A97FDA377D53} = {7CFD24FB-54EE-45B5-B5D6-E8CBAEA9D8AD}
		{4DA5D12A-2409-4F01-8D75-73BB055E70B6} = {7CFD24FB-54EE-45B5-B5D6-E8CBAEA9D8AD}
		{21EE12A0-CD19-4079-97B1-D19D02710B6E} = {0137E0C4-E87D-4598-B448-3F3A1035672B}
		{051555F8-DEF6-42DB-A959-1D88B34E41EE} = {0137E0C4-E87D-4598-B448-3F3A1035672B}
		{9B111090-C816-485D-8C4B-BB99A079BAC0} = {0137E0C4-E87D-4598-B448-3F3A1035672B}
		{23CDB1C8-F02B-42BC-9E1E-77517C620EE4} = {9B111090-C816-485D-8C4B-BB99A079BAC0}
		{D61491B9-4BB1-49E8-ABAC-309FF52F4AF3} = {B4D8159A-4111-416B-B4E9-0F3285913AFB}
	EndGlobalSection
EndGlobal
