
Microsoft Visual Studio Solution File, Format Version 12.00
# Visual Studio Version 16
VisualStudioVersion = 16.0.30114.105
MinimumVisualStudioVersion = 10.0.40219.1
Project("{FAE04EC0-301F-11D3-BF4B-00C04F79EFBC}") = "Test.Plugin", "Test.Plugin\Test.Plugin.csproj", "{2F82210A-C5F6-47BD-990A-3C471E18CBCA}"
EndProject
Project("{FAE04EC0-301F-11D3-BF4B-00C04F79EFBC}") = "Test.Plugin.Test", "Test.Plugin.Test\Test.Plugin.Test.csproj", "{EAA10D66-92BD-4684-BDC5-8C016F78D948}"
EndProject
Project("{2150E333-8FDC-42A3-9474-1A3956D46DE8}") = "Pe", "Pe", "{7A4DF73B-B0C7-929C-DAF9-F205F639437C}"
EndProject
Project("{2150E333-8FDC-42A3-9474-1A3956D46DE8}") = "bridge", "bridge", "{941E4957-1085-7C66-D0D9-7C2E0B76F236}"
EndProject
Project("{FAE04EC0-301F-11D3-BF4B-00C04F79EFBC}") = "Pe.Bridge", "Pe\Source\Pe\Pe.Bridge\Pe.Bridge.csproj", "{A477671A-D8E6-4C8A-B54F-057B67B5104D}"
EndProject
Project("{FAE04EC0-301F-11D3-BF4B-00C04F79EFBC}") = "Pe.Embedded", "Pe\Source\Pe\Pe.Embedded\Pe.Embedded.csproj", "{55F183A1-BF7B-4F36-9F0A-9886A0759FB6}"
EndProject
Project("{2150E333-8FDC-42A3-9474-1A3956D46DE8}") = "lib", "lib", "{2E124DFD-2743-932F-65C4-9708976462F4}"
EndProject
Project("{2150E333-8FDC-42A3-9474-1A3956D46DE8}") = "library", "library", "{C9C21B14-55FB-BDA3-EAAF-5734C26003F9}"
EndProject
Project("{FAE04EC0-301F-11D3-BF4B-00C04F79EFBC}") = "Pe.Library.Args", "Pe\Source\Pe\Pe.Library.Args\Pe.Library.Args.csproj", "{A9EBC1C0-4CB1-4852-AC28-EC4FACA412E0}"
EndProject
Project("{FAE04EC0-301F-11D3-BF4B-00C04F79EFBC}") = "Pe.Library.Common", "Pe\Source\Pe\Pe.Library.Common\Pe.Library.Common.csproj", "{DAC3C91B-6972-4AC6-B053-1DC7F700F499}"
EndProject
Project("{FAE04EC0-301F-11D3-BF4B-00C04F79EFBC}") = "Pe.Library.Property", "Pe\Source\Pe\Pe.Library.Property\Pe.Library.Property.csproj", "{57CF729F-E7B8-4826-86E5-5A4235902B1A}"
EndProject
Project("{FAE04EC0-301F-11D3-BF4B-00C04F79EFBC}") = "Pe.Library.Database", "Pe\Source\Pe\Pe.Library.Database\Pe.Library.Database.csproj", "{4CA3A9F8-6E2C-41E2-ADBB-AE7C4F21E6FA}"
EndProject
Project("{FAE04EC0-301F-11D3-BF4B-00C04F79EFBC}") = "Pe.Library.DependencyInjection", "Pe\Source\Pe\Pe.Library.DependencyInjection\Pe.Library.DependencyInjection.csproj", "{16965CAA-F6A8-4D95-8061-C858F599C7E3}"
EndProject
Project("{FAE04EC0-301F-11D3-BF4B-00C04F79EFBC}") = "Pe.Mvvm", "Pe\Source\Pe\Pe.Mvvm\Pe.Mvvm.csproj", "{001E01E5-709C-4BBE-A857-AF6B01052848}"
EndProject
Project("{FAE04EC0-301F-11D3-BF4B-00C04F79EFBC}") = "Pe.PInvoke", "Pe\Source\Pe\Pe.PInvoke\Pe.PInvoke.csproj", "{C996BD36-D495-4F12-A46F-A4BF54A81E46}"
EndProject
Project("{FAE04EC0-301F-11D3-BF4B-00C04F79EFBC}") = "Pe.Core", "Pe\Source\Pe\Pe.Core\Pe.Core.csproj", "{F5B9FB33-4E7C-4F38-B07E-4BBC139F9CAA}"
EndProject
Project("{2150E333-8FDC-42A3-9474-1A3956D46DE8}") = "plugins", "plugins", "{E1742F77-7BC8-E89C-CF18-ECDB447C1011}"
EndProject
Project("{FAE04EC0-301F-11D3-BF4B-00C04F79EFBC}") = "Pe.Plugins.DefaultTheme", "Pe\Source\Pe\Pe.Plugins.DefaultTheme\Pe.Plugins.DefaultTheme.csproj", "{C56327FA-5B82-4159-9D3D-BAF52CF21AF0}"
EndProject
Project("{FAE04EC0-301F-11D3-BF4B-00C04F79EFBC}") = "Pe.Main", "Pe\Source\Pe\Pe.Main\Pe.Main.csproj", "{70EF3028-8AE0-4DA0-B4D1-9871E75CB1E4}"
EndProject
Global
	GlobalSection(SolutionConfigurationPlatforms) = preSolution
		Debug|x64 = Debug|x64
		Debug|x86 = Debug|x86
		Debug|Any CPU = Debug|Any CPU
		Release|x64 = Release|x64
		Release|x86 = Release|x86
		Release|Any CPU = Release|Any CPU
	EndGlobalSection
	GlobalSection(ProjectConfigurationPlatforms) = postSolution
		{2F82210A-C5F6-47BD-990A-3C471E18CBCA}.Debug|x64.ActiveCfg = Debug|x64
		{2F82210A-C5F6-47BD-990A-3C471E18CBCA}.Debug|x64.Build.0 = Debug|x64
		{2F82210A-C5F6-47BD-990A-3C471E18CBCA}.Debug|x86.ActiveCfg = Debug|x86
		{2F82210A-C5F6-47BD-990A-3C471E18CBCA}.Debug|x86.Build.0 = Debug|x86
		{2F82210A-C5F6-47BD-990A-3C471E18CBCA}.Debug|Any CPU.ActiveCfg = Debug|x64
		{2F82210A-C5F6-47BD-990A-3C471E18CBCA}.Debug|Any CPU.Build.0 = Debug|x64
		{2F82210A-C5F6-47BD-990A-3C471E18CBCA}.Release|x64.ActiveCfg = Release|x64
		{2F82210A-C5F6-47BD-990A-3C471E18CBCA}.Release|x64.Build.0 = Release|x64
		{2F82210A-C5F6-47BD-990A-3C471E18CBCA}.Release|x86.ActiveCfg = Release|x86
		{2F82210A-C5F6-47BD-990A-3C471E18CBCA}.Release|x86.Build.0 = Release|x86
		{2F82210A-C5F6-47BD-990A-3C471E18CBCA}.Release|Any CPU.ActiveCfg = Release|x64
		{2F82210A-C5F6-47BD-990A-3C471E18CBCA}.Release|Any CPU.Build.0 = Release|x64
		{EAA10D66-92BD-4684-BDC5-8C016F78D948}.Debug|x64.ActiveCfg = Debug|x64
		{EAA10D66-92BD-4684-BDC5-8C016F78D948}.Debug|x64.Build.0 = Debug|x64
		{EAA10D66-92BD-4684-BDC5-8C016F78D948}.Debug|x86.ActiveCfg = Debug|x86
		{EAA10D66-92BD-4684-BDC5-8C016F78D948}.Debug|x86.Build.0 = Debug|x86
		{EAA10D66-92BD-4684-BDC5-8C016F78D948}.Debug|Any CPU.ActiveCfg = Debug|x64
		{EAA10D66-92BD-4684-BDC5-8C016F78D948}.Debug|Any CPU.Build.0 = Debug|x64
		{EAA10D66-92BD-4684-BDC5-8C016F78D948}.Release|x64.ActiveCfg = Release|x64
		{EAA10D66-92BD-4684-BDC5-8C016F78D948}.Release|x64.Build.0 = Release|x64
		{EAA10D66-92BD-4684-BDC5-8C016F78D948}.Release|x86.ActiveCfg = Release|x86
		{EAA10D66-92BD-4684-BDC5-8C016F78D948}.Release|x86.Build.0 = Release|x86
		{EAA10D66-92BD-4684-BDC5-8C016F78D948}.Release|Any CPU.ActiveCfg = Release|x64
		{EAA10D66-92BD-4684-BDC5-8C016F78D948}.Release|Any CPU.Build.0 = Release|x64
		{A477671A-D8E6-4C8A-B54F-057B67B5104D}.Debug|x64.ActiveCfg = Debug|x64
		{A477671A-D8E6-4C8A-B54F-057B67B5104D}.Debug|x64.Build.0 = Debug|x64
		{A477671A-D8E6-4C8A-B54F-057B67B5104D}.Debug|x86.ActiveCfg = Debug|x86
		{A477671A-D8E6-4C8A-B54F-057B67B5104D}.Debug|x86.Build.0 = Debug|x86
		{A477671A-D8E6-4C8A-B54F-057B67B5104D}.Debug|Any CPU.ActiveCfg = Debug|x64
		{A477671A-D8E6-4C8A-B54F-057B67B5104D}.Debug|Any CPU.Build.0 = Debug|x64
		{A477671A-D8E6-4C8A-B54F-057B67B5104D}.Release|x64.ActiveCfg = Release|x64
		{A477671A-D8E6-4C8A-B54F-057B67B5104D}.Release|x64.Build.0 = Release|x64
		{A477671A-D8E6-4C8A-B54F-057B67B5104D}.Release|x86.ActiveCfg = Release|x86
		{A477671A-D8E6-4C8A-B54F-057B67B5104D}.Release|x86.Build.0 = Release|x86
		{A477671A-D8E6-4C8A-B54F-057B67B5104D}.Release|Any CPU.ActiveCfg = Release|x64
		{A477671A-D8E6-4C8A-B54F-057B67B5104D}.Release|Any CPU.Build.0 = Release|x64
		{55F183A1-BF7B-4F36-9F0A-9886A0759FB6}.Debug|x64.ActiveCfg = Debug|x64
		{55F183A1-BF7B-4F36-9F0A-9886A0759FB6}.Debug|x64.Build.0 = Debug|x64
		{55F183A1-BF7B-4F36-9F0A-9886A0759FB6}.Debug|x86.ActiveCfg = Debug|x86
		{55F183A1-BF7B-4F36-9F0A-9886A0759FB6}.Debug|x86.Build.0 = Debug|x86
		{55F183A1-BF7B-4F36-9F0A-9886A0759FB6}.Debug|Any CPU.ActiveCfg = Debug|x64
		{55F183A1-BF7B-4F36-9F0A-9886A0759FB6}.Debug|Any CPU.Build.0 = Debug|x64
		{55F183A1-BF7B-4F36-9F0A-9886A0759FB6}.Release|x64.ActiveCfg = Release|x64
		{55F183A1-BF7B-4F36-9F0A-9886A0759FB6}.Release|x64.Build.0 = Release|x64
		{55F183A1-BF7B-4F36-9F0A-9886A0759FB6}.Release|x86.ActiveCfg = Release|x86
		{55F183A1-BF7B-4F36-9F0A-9886A0759FB6}.Release|x86.Build.0 = Release|x86
		{55F183A1-BF7B-4F36-9F0A-9886A0759FB6}.Release|Any CPU.ActiveCfg = Release|x64
		{55F183A1-BF7B-4F36-9F0A-9886A0759FB6}.Release|Any CPU.Build.0 = Release|x64
		{A9EBC1C0-4CB1-4852-AC28-EC4FACA412E0}.Debug|x64.ActiveCfg = Debug|x64
		{A9EBC1C0-4CB1-4852-AC28-EC4FACA412E0}.Debug|x64.Build.0 = Debug|x64
		{A9EBC1C0-4CB1-4852-AC28-EC4FACA412E0}.Debug|x86.ActiveCfg = Debug|x86
		{A9EBC1C0-4CB1-4852-AC28-EC4FACA412E0}.Debug|x86.Build.0 = Debug|x86
		{A9EBC1C0-4CB1-4852-AC28-EC4FACA412E0}.Debug|Any CPU.ActiveCfg = Debug|x64
		{A9EBC1C0-4CB1-4852-AC28-EC4FACA412E0}.Debug|Any CPU.Build.0 = Debug|x64
		{A9EBC1C0-4CB1-4852-AC28-EC4FACA412E0}.Release|x64.ActiveCfg = Release|x64
		{A9EBC1C0-4CB1-4852-AC28-EC4FACA412E0}.Release|x64.Build.0 = Release|x64
		{A9EBC1C0-4CB1-4852-AC28-EC4FACA412E0}.Release|x86.ActiveCfg = Release|x86
		{A9EBC1C0-4CB1-4852-AC28-EC4FACA412E0}.Release|x86.Build.0 = Release|x86
		{A9EBC1C0-4CB1-4852-AC28-EC4FACA412E0}.Release|Any CPU.ActiveCfg = Release|x64
		{A9EBC1C0-4CB1-4852-AC28-EC4FACA412E0}.Release|Any CPU.Build.0 = Release|x64
		{DAC3C91B-6972-4AC6-B053-1DC7F700F499}.Debug|x64.ActiveCfg = Debug|x64
		{DAC3C91B-6972-4AC6-B053-1DC7F700F499}.Debug|x64.Build.0 = Debug|x64
		{DAC3C91B-6972-4AC6-B053-1DC7F700F499}.Debug|x86.ActiveCfg = Debug|x86
		{DAC3C91B-6972-4AC6-B053-1DC7F700F499}.Debug|x86.Build.0 = Debug|x86
		{DAC3C91B-6972-4AC6-B053-1DC7F700F499}.Debug|Any CPU.ActiveCfg = Debug|x64
		{DAC3C91B-6972-4AC6-B053-1DC7F700F499}.Debug|Any CPU.Build.0 = Debug|x64
		{DAC3C91B-6972-4AC6-B053-1DC7F700F499}.Release|x64.ActiveCfg = Release|x64
		{DAC3C91B-6972-4AC6-B053-1DC7F700F499}.Release|x64.Build.0 = Release|x64
		{DAC3C91B-6972-4AC6-B053-1DC7F700F499}.Release|x86.ActiveCfg = Release|x86
		{DAC3C91B-6972-4AC6-B053-1DC7F700F499}.Release|x86.Build.0 = Release|x86
		{DAC3C91B-6972-4AC6-B053-1DC7F700F499}.Release|Any CPU.ActiveCfg = Release|x64
		{DAC3C91B-6972-4AC6-B053-1DC7F700F499}.Release|Any CPU.Build.0 = Release|x64
		{57CF729F-E7B8-4826-86E5-5A4235902B1A}.Debug|x64.ActiveCfg = Debug|x64
		{57CF729F-E7B8-4826-86E5-5A4235902B1A}.Debug|x64.Build.0 = Debug|x64
		{57CF729F-E7B8-4826-86E5-5A4235902B1A}.Debug|x86.ActiveCfg = Debug|x86
		{57CF729F-E7B8-4826-86E5-5A4235902B1A}.Debug|x86.Build.0 = Debug|x86
		{57CF729F-E7B8-4826-86E5-5A4235902B1A}.Debug|Any CPU.ActiveCfg = Debug|x64
		{57CF729F-E7B8-4826-86E5-5A4235902B1A}.Debug|Any CPU.Build.0 = Debug|x64
		{57CF729F-E7B8-4826-86E5-5A4235902B1A}.Release|x64.ActiveCfg = Release|x64
		{57CF729F-E7B8-4826-86E5-5A4235902B1A}.Release|x64.Build.0 = Release|x64
		{57CF729F-E7B8-4826-86E5-5A4235902B1A}.Release|x86.ActiveCfg = Release|x86
		{57CF729F-E7B8-4826-86E5-5A4235902B1A}.Release|x86.Build.0 = Release|x86
		{57CF729F-E7B8-4826-86E5-5A4235902B1A}.Release|Any CPU.ActiveCfg = Release|x64
		{57CF729F-E7B8-4826-86E5-5A4235902B1A}.Release|Any CPU.Build.0 = Release|x64
		{4CA3A9F8-6E2C-41E2-ADBB-AE7C4F21E6FA}.Debug|x64.ActiveCfg = Debug|x64
		{4CA3A9F8-6E2C-41E2-ADBB-AE7C4F21E6FA}.Debug|x64.Build.0 = Debug|x64
		{4CA3A9F8-6E2C-41E2-ADBB-AE7C4F21E6FA}.Debug|x86.ActiveCfg = Debug|x86
		{4CA3A9F8-6E2C-41E2-ADBB-AE7C4F21E6FA}.Debug|x86.Build.0 = Debug|x86
		{4CA3A9F8-6E2C-41E2-ADBB-AE7C4F21E6FA}.Debug|Any CPU.ActiveCfg = Debug|x64
		{4CA3A9F8-6E2C-41E2-ADBB-AE7C4F21E6FA}.Debug|Any CPU.Build.0 = Debug|x64
		{4CA3A9F8-6E2C-41E2-ADBB-AE7C4F21E6FA}.Release|x64.ActiveCfg = Release|x64
		{4CA3A9F8-6E2C-41E2-ADBB-AE7C4F21E6FA}.Release|x64.Build.0 = Release|x64
		{4CA3A9F8-6E2C-41E2-ADBB-AE7C4F21E6FA}.Release|x86.ActiveCfg = Release|x86
		{4CA3A9F8-6E2C-41E2-ADBB-AE7C4F21E6FA}.Release|x86.Build.0 = Release|x86
		{4CA3A9F8-6E2C-41E2-ADBB-AE7C4F21E6FA}.Release|Any CPU.ActiveCfg = Release|x64
		{4CA3A9F8-6E2C-41E2-ADBB-AE7C4F21E6FA}.Release|Any CPU.Build.0 = Release|x64
		{16965CAA-F6A8-4D95-8061-C858F599C7E3}.Debug|x64.ActiveCfg = Debug|x64
		{16965CAA-F6A8-4D95-8061-C858F599C7E3}.Debug|x64.Build.0 = Debug|x64
		{16965CAA-F6A8-4D95-8061-C858F599C7E3}.Debug|x86.ActiveCfg = Debug|x86
		{16965CAA-F6A8-4D95-8061-C858F599C7E3}.Debug|x86.Build.0 = Debug|x86
		{16965CAA-F6A8-4D95-8061-C858F599C7E3}.Debug|Any CPU.ActiveCfg = Debug|x64
		{16965CAA-F6A8-4D95-8061-C858F599C7E3}.Debug|Any CPU.Build.0 = Debug|x64
		{16965CAA-F6A8-4D95-8061-C858F599C7E3}.Release|x64.ActiveCfg = Release|x64
		{16965CAA-F6A8-4D95-8061-C858F599C7E3}.Release|x64.Build.0 = Release|x64
		{16965CAA-F6A8-4D95-8061-C858F599C7E3}.Release|x86.ActiveCfg = Release|x86
		{16965CAA-F6A8-4D95-8061-C858F599C7E3}.Release|x86.Build.0 = Release|x86
		{16965CAA-F6A8-4D95-8061-C858F599C7E3}.Release|Any CPU.ActiveCfg = Release|x64
		{16965CAA-F6A8-4D95-8061-C858F599C7E3}.Release|Any CPU.Build.0 = Release|x64
		{001E01E5-709C-4BBE-A857-AF6B01052848}.Debug|x64.ActiveCfg = Debug|x64
		{001E01E5-709C-4BBE-A857-AF6B01052848}.Debug|x64.Build.0 = Debug|x64
		{001E01E5-709C-4BBE-A857-AF6B01052848}.Debug|x86.ActiveCfg = Debug|x86
		{001E01E5-709C-4BBE-A857-AF6B01052848}.Debug|x86.Build.0 = Debug|x86
		{001E01E5-709C-4BBE-A857-AF6B01052848}.Debug|Any CPU.ActiveCfg = Debug|x64
		{001E01E5-709C-4BBE-A857-AF6B01052848}.Debug|Any CPU.Build.0 = Debug|x64
		{001E01E5-709C-4BBE-A857-AF6B01052848}.Release|x64.ActiveCfg = Release|x64
		{001E01E5-709C-4BBE-A857-AF6B01052848}.Release|x64.Build.0 = Release|x64
		{001E01E5-709C-4BBE-A857-AF6B01052848}.Release|x86.ActiveCfg = Release|x86
		{001E01E5-709C-4BBE-A857-AF6B01052848}.Release|x86.Build.0 = Release|x86
		{001E01E5-709C-4BBE-A857-AF6B01052848}.Release|Any CPU.ActiveCfg = Release|x64
		{001E01E5-709C-4BBE-A857-AF6B01052848}.Release|Any CPU.Build.0 = Release|x64
		{C996BD36-D495-4F12-A46F-A4BF54A81E46}.Debug|x64.ActiveCfg = Debug|x64
		{C996BD36-D495-4F12-A46F-A4BF54A81E46}.Debug|x64.Build.0 = Debug|x64
		{C996BD36-D495-4F12-A46F-A4BF54A81E46}.Debug|x86.ActiveCfg = Debug|x86
		{C996BD36-D495-4F12-A46F-A4BF54A81E46}.Debug|x86.Build.0 = Debug|x86
		{C996BD36-D495-4F12-A46F-A4BF54A81E46}.Debug|Any CPU.ActiveCfg = Debug|x64
		{C996BD36-D495-4F12-A46F-A4BF54A81E46}.Debug|Any CPU.Build.0 = Debug|x64
		{C996BD36-D495-4F12-A46F-A4BF54A81E46}.Release|x64.ActiveCfg = Release|x64
		{C996BD36-D495-4F12-A46F-A4BF54A81E46}.Release|x64.Build.0 = Release|x64
		{C996BD36-D495-4F12-A46F-A4BF54A81E46}.Release|x86.ActiveCfg = Release|x86
		{C996BD36-D495-4F12-A46F-A4BF54A81E46}.Release|x86.Build.0 = Release|x86
		{C996BD36-D495-4F12-A46F-A4BF54A81E46}.Release|Any CPU.ActiveCfg = Release|x64
		{C996BD36-D495-4F12-A46F-A4BF54A81E46}.Release|Any CPU.Build.0 = Release|x64
		{F5B9FB33-4E7C-4F38-B07E-4BBC139F9CAA}.Debug|x64.ActiveCfg = Debug|x64
		{F5B9FB33-4E7C-4F38-B07E-4BBC139F9CAA}.Debug|x64.Build.0 = Debug|x64
		{F5B9FB33-4E7C-4F38-B07E-4BBC139F9CAA}.Debug|x86.ActiveCfg = Debug|x86
		{F5B9FB33-4E7C-4F38-B07E-4BBC139F9CAA}.Debug|x86.Build.0 = Debug|x86
		{F5B9FB33-4E7C-4F38-B07E-4BBC139F9CAA}.Debug|Any CPU.ActiveCfg = Debug|x64
		{F5B9FB33-4E7C-4F38-B07E-4BBC139F9CAA}.Debug|Any CPU.Build.0 = Debug|x64
		{F5B9FB33-4E7C-4F38-B07E-4BBC139F9CAA}.Release|x64.ActiveCfg = Release|x64
		{F5B9FB33-4E7C-4F38-B07E-4BBC139F9CAA}.Release|x64.Build.0 = Release|x64
		{F5B9FB33-4E7C-4F38-B07E-4BBC139F9CAA}.Release|x86.ActiveCfg = Release|x86
		{F5B9FB33-4E7C-4F38-B07E-4BBC139F9CAA}.Release|x86.Build.0 = Release|x86
		{F5B9FB33-4E7C-4F38-B07E-4BBC139F9CAA}.Release|Any CPU.ActiveCfg = Release|x64
		{F5B9FB33-4E7C-4F38-B07E-4BBC139F9CAA}.Release|Any CPU.Build.0 = Release|x64
		{C56327FA-5B82-4159-9D3D-BAF52CF21AF0}.Debug|x64.ActiveCfg = Debug|x64
		{C56327FA-5B82-4159-9D3D-BAF52CF21AF0}.Debug|x64.Build.0 = Debug|x64
		{C56327FA-5B82-4159-9D3D-BAF52CF21AF0}.Debug|x86.ActiveCfg = Debug|x86
		{C56327FA-5B82-4159-9D3D-BAF52CF21AF0}.Debug|x86.Build.0 = Debug|x86
		{C56327FA-5B82-4159-9D3D-BAF52CF21AF0}.Debug|Any CPU.ActiveCfg = Debug|x64
		{C56327FA-5B82-4159-9D3D-BAF52CF21AF0}.Debug|Any CPU.Build.0 = Debug|x64
		{C56327FA-5B82-4159-9D3D-BAF52CF21AF0}.Release|x64.ActiveCfg = Release|x64
		{C56327FA-5B82-4159-9D3D-BAF52CF21AF0}.Release|x64.Build.0 = Release|x64
		{C56327FA-5B82-4159-9D3D-BAF52CF21AF0}.Release|x86.ActiveCfg = Release|x86
		{C56327FA-5B82-4159-9D3D-BAF52CF21AF0}.Release|x86.Build.0 = Release|x86
		{C56327FA-5B82-4159-9D3D-BAF52CF21AF0}.Release|Any CPU.ActiveCfg = Release|x64
		{C56327FA-5B82-4159-9D3D-BAF52CF21AF0}.Release|Any CPU.Build.0 = Release|x64
		{70EF3028-8AE0-4DA0-B4D1-9871E75CB1E4}.Debug|x64.ActiveCfg = Debug|x64
		{70EF3028-8AE0-4DA0-B4D1-9871E75CB1E4}.Debug|x64.Build.0 = Debug|x64
		{70EF3028-8AE0-4DA0-B4D1-9871E75CB1E4}.Debug|x86.ActiveCfg = Debug|x86
		{70EF3028-8AE0-4DA0-B4D1-9871E75CB1E4}.Debug|x86.Build.0 = Debug|x86
		{70EF3028-8AE0-4DA0-B4D1-9871E75CB1E4}.Debug|Any CPU.ActiveCfg = Debug|x64
		{70EF3028-8AE0-4DA0-B4D1-9871E75CB1E4}.Debug|Any CPU.Build.0 = Debug|x64
		{70EF3028-8AE0-4DA0-B4D1-9871E75CB1E4}.Release|x64.ActiveCfg = Release|x64
		{70EF3028-8AE0-4DA0-B4D1-9871E75CB1E4}.Release|x64.Build.0 = Release|x64
		{70EF3028-8AE0-4DA0-B4D1-9871E75CB1E4}.Release|x86.ActiveCfg = Release|x86
		{70EF3028-8AE0-4DA0-B4D1-9871E75CB1E4}.Release|x86.Build.0 = Release|x86
		{70EF3028-8AE0-4DA0-B4D1-9871E75CB1E4}.Release|Any CPU.ActiveCfg = Release|x64
		{70EF3028-8AE0-4DA0-B4D1-9871E75CB1E4}.Release|Any CPU.Build.0 = Release|x64
	EndGlobalSection
	GlobalSection(SolutionProperties) = preSolution
		HideSolutionNode = FALSE
	EndGlobalSection
	GlobalSection(NestedProjects) = preSolution
		{941E4957-1085-7C66-D0D9-7C2E0B76F236} = {7A4DF73B-B0C7-929C-DAF9-F205F639437C}
		{A477671A-D8E6-4C8A-B54F-057B67B5104D} = {941E4957-1085-7C66-D0D9-7C2E0B76F236}
		{55F183A1-BF7B-4F36-9F0A-9886A0759FB6} = {941E4957-1085-7C66-D0D9-7C2E0B76F236}
		{2E124DFD-2743-932F-65C4-9708976462F4} = {7A4DF73B-B0C7-929C-DAF9-F205F639437C}
		{C9C21B14-55FB-BDA3-EAAF-5734C26003F9} = {2E124DFD-2743-932F-65C4-9708976462F4}
		{A9EBC1C0-4CB1-4852-AC28-EC4FACA412E0} = {C9C21B14-55FB-BDA3-EAAF-5734C26003F9}
		{DAC3C91B-6972-4AC6-B053-1DC7F700F499} = {C9C21B14-55FB-BDA3-EAAF-5734C26003F9}
		{57CF729F-E7B8-4826-86E5-5A4235902B1A} = {C9C21B14-55FB-BDA3-EAAF-5734C26003F9}
		{4CA3A9F8-6E2C-41E2-ADBB-AE7C4F21E6FA} = {C9C21B14-55FB-BDA3-EAAF-5734C26003F9}
		{16965CAA-F6A8-4D95-8061-C858F599C7E3} = {C9C21B14-55FB-BDA3-EAAF-5734C26003F9}
		{001E01E5-709C-4BBE-A857-AF6B01052848} = {2E124DFD-2743-932F-65C4-9708976462F4}
		{C996BD36-D495-4F12-A46F-A4BF54A81E46} = {2E124DFD-2743-932F-65C4-9708976462F4}
		{F5B9FB33-4E7C-4F38-B07E-4BBC139F9CAA} = {2E124DFD-2743-932F-65C4-9708976462F4}
		{E1742F77-7BC8-E89C-CF18-ECDB447C1011} = {2E124DFD-2743-932F-65C4-9708976462F4}
		{C56327FA-5B82-4159-9D3D-BAF52CF21AF0} = {E1742F77-7BC8-E89C-CF18-ECDB447C1011}
		{70EF3028-8AE0-4DA0-B4D1-9871E75CB1E4} = {7A4DF73B-B0C7-929C-DAF9-F205F639437C}
	EndGlobalSection
EndGlobal
