
Microsoft Visual Studio Solution File, Format Version 12.00
# Visual Studio Version 16
VisualStudioVersion = 16.0.30114.105
MinimumVisualStudioVersion = 10.0.40219.1
Project("{FAE04EC0-301F-11D3-BF4B-00C04F79EFBC}") = "Test.Plugin", "Test.Plugin\Test.Plugin.csproj", "{8D3B4423-5C87-422D-99E3-AF7465E8C500}"
EndProject
Project("{FAE04EC0-301F-11D3-BF4B-00C04F79EFBC}") = "Test.Plugin.Test", "Test.Plugin.Test\Test.Plugin.Test.csproj", "{E4DCB0EE-FF65-42F7-BC69-F44EB8B15F2B}"
EndProject
Project("{2150E333-8FDC-42A3-9474-1A3956D46DE8}") = "Pe", "Pe", "{7A4DF73B-B0C7-929C-DAF9-F205F639437C}"
EndProject
Project("{2150E333-8FDC-42A3-9474-1A3956D46DE8}") = "bridge", "bridge", "{941E4957-1085-7C66-D0D9-7C2E0B76F236}"
EndProject
Project("{FAE04EC0-301F-11D3-BF4B-00C04F79EFBC}") = "Pe.Bridge", "Pe\Source\Pe\Pe.Bridge\Pe.Bridge.csproj", "{CE6E4AAA-B190-4AEE-99A1-8269069784A3}"
EndProject
Project("{FAE04EC0-301F-11D3-BF4B-00C04F79EFBC}") = "Pe.Embedded", "Pe\Source\Pe\Pe.Embedded\Pe.Embedded.csproj", "{AF9B05B6-3BCA-4D35-BCC9-631273327FFF}"
EndProject
Project("{2150E333-8FDC-42A3-9474-1A3956D46DE8}") = "lib", "lib", "{2E124DFD-2743-932F-65C4-9708976462F4}"
EndProject
Project("{2150E333-8FDC-42A3-9474-1A3956D46DE8}") = "library", "library", "{C9C21B14-55FB-BDA3-EAAF-5734C26003F9}"
EndProject
Project("{FAE04EC0-301F-11D3-BF4B-00C04F79EFBC}") = "Pe.Library.Common", "Pe\Source\Pe\Pe.Library.Common\Pe.Library.Common.csproj", "{B545DA16-38F5-4E7F-BE5D-66770CA80799}"
EndProject
Project("{FAE04EC0-301F-11D3-BF4B-00C04F79EFBC}") = "Pe.Library.Property", "Pe\Source\Pe\Pe.Library.Property\Pe.Library.Property.csproj", "{6E88B2E4-8900-4555-AED1-DD9DAF602BEC}"
EndProject
Project("{FAE04EC0-301F-11D3-BF4B-00C04F79EFBC}") = "Pe.Library.Database", "Pe\Source\Pe\Pe.Library.Database\Pe.Library.Database.csproj", "{A8F4B5D1-9733-4E0D-8147-49DA3763B858}"
EndProject
Project("{FAE04EC0-301F-11D3-BF4B-00C04F79EFBC}") = "Pe.Library.DependencyInjection", "Pe\Source\Pe\Pe.Library.DependencyInjection\Pe.Library.DependencyInjection.csproj", "{3655FFE6-E4D7-463F-8C84-465DA6403171}"
EndProject
Project("{FAE04EC0-301F-11D3-BF4B-00C04F79EFBC}") = "Pe.PInvoke", "Pe\Source\Pe\Pe.PInvoke\Pe.PInvoke.csproj", "{7C051DE6-D713-4625-B3C4-89CA525A20FF}"
EndProject
Project("{FAE04EC0-301F-11D3-BF4B-00C04F79EFBC}") = "Pe.Core", "Pe\Source\Pe\Pe.Core\Pe.Core.csproj", "{DFC108D6-9CB2-46C5-A4AE-1A4B7D4031D4}"
EndProject
Project("{2150E333-8FDC-42A3-9474-1A3956D46DE8}") = "plugins", "plugins", "{E1742F77-7BC8-E89C-CF18-ECDB447C1011}"
EndProject
Project("{FAE04EC0-301F-11D3-BF4B-00C04F79EFBC}") = "Pe.Plugins.DefaultTheme", "Pe\Source\Pe\Pe.Plugins.DefaultTheme\Pe.Plugins.DefaultTheme.csproj", "{9E381B75-D922-4E7D-94B3-104C1ADCF99C}"
EndProject
Project("{FAE04EC0-301F-11D3-BF4B-00C04F79EFBC}") = "Pe.Main", "Pe\Source\Pe\Pe.Main\Pe.Main.csproj", "{BE476572-C978-4F5A-954B-1C45F046C4EB}"
EndProject
Global
	GlobalSection(SolutionConfigurationPlatforms) = preSolution
		Debug|x64 = Debug|x64
		Debug|x86 = Debug|x86
		Debug|Any CPU = Debug|Any CPU
		Release|x64 = Release|x64
		Release|x86 = Release|x86
		Release|Any CPU = Release|Any CPU
	EndGlobalSection
	GlobalSection(ProjectConfigurationPlatforms) = postSolution
		{8D3B4423-5C87-422D-99E3-AF7465E8C500}.Debug|x64.ActiveCfg = Debug|x64
		{8D3B4423-5C87-422D-99E3-AF7465E8C500}.Debug|x64.Build.0 = Debug|x64
		{8D3B4423-5C87-422D-99E3-AF7465E8C500}.Debug|x86.ActiveCfg = Debug|x86
		{8D3B4423-5C87-422D-99E3-AF7465E8C500}.Debug|x86.Build.0 = Debug|x86
		{8D3B4423-5C87-422D-99E3-AF7465E8C500}.Debug|Any CPU.ActiveCfg = Debug|x64
		{8D3B4423-5C87-422D-99E3-AF7465E8C500}.Debug|Any CPU.Build.0 = Debug|x64
		{8D3B4423-5C87-422D-99E3-AF7465E8C500}.Release|x64.ActiveCfg = Release|x64
		{8D3B4423-5C87-422D-99E3-AF7465E8C500}.Release|x64.Build.0 = Release|x64
		{8D3B4423-5C87-422D-99E3-AF7465E8C500}.Release|x86.ActiveCfg = Release|x86
		{8D3B4423-5C87-422D-99E3-AF7465E8C500}.Release|x86.Build.0 = Release|x86
		{8D3B4423-5C87-422D-99E3-AF7465E8C500}.Release|Any CPU.ActiveCfg = Release|x64
		{8D3B4423-5C87-422D-99E3-AF7465E8C500}.Release|Any CPU.Build.0 = Release|x64
		{E4DCB0EE-FF65-42F7-BC69-F44EB8B15F2B}.Debug|x64.ActiveCfg = Debug|x64
		{E4DCB0EE-FF65-42F7-BC69-F44EB8B15F2B}.Debug|x64.Build.0 = Debug|x64
		{E4DCB0EE-FF65-42F7-BC69-F44EB8B15F2B}.Debug|x86.ActiveCfg = Debug|x86
		{E4DCB0EE-FF65-42F7-BC69-F44EB8B15F2B}.Debug|x86.Build.0 = Debug|x86
		{E4DCB0EE-FF65-42F7-BC69-F44EB8B15F2B}.Debug|Any CPU.ActiveCfg = Debug|x64
		{E4DCB0EE-FF65-42F7-BC69-F44EB8B15F2B}.Debug|Any CPU.Build.0 = Debug|x64
		{E4DCB0EE-FF65-42F7-BC69-F44EB8B15F2B}.Release|x64.ActiveCfg = Release|x64
		{E4DCB0EE-FF65-42F7-BC69-F44EB8B15F2B}.Release|x64.Build.0 = Release|x64
		{E4DCB0EE-FF65-42F7-BC69-F44EB8B15F2B}.Release|x86.ActiveCfg = Release|x86
		{E4DCB0EE-FF65-42F7-BC69-F44EB8B15F2B}.Release|x86.Build.0 = Release|x86
		{E4DCB0EE-FF65-42F7-BC69-F44EB8B15F2B}.Release|Any CPU.ActiveCfg = Release|x64
		{E4DCB0EE-FF65-42F7-BC69-F44EB8B15F2B}.Release|Any CPU.Build.0 = Release|x64
		{CE6E4AAA-B190-4AEE-99A1-8269069784A3}.Debug|x64.ActiveCfg = Debug|x64
		{CE6E4AAA-B190-4AEE-99A1-8269069784A3}.Debug|x64.Build.0 = Debug|x64
		{CE6E4AAA-B190-4AEE-99A1-8269069784A3}.Debug|x86.ActiveCfg = Debug|x86
		{CE6E4AAA-B190-4AEE-99A1-8269069784A3}.Debug|x86.Build.0 = Debug|x86
		{CE6E4AAA-B190-4AEE-99A1-8269069784A3}.Debug|Any CPU.ActiveCfg = Debug|x64
		{CE6E4AAA-B190-4AEE-99A1-8269069784A3}.Debug|Any CPU.Build.0 = Debug|x64
		{CE6E4AAA-B190-4AEE-99A1-8269069784A3}.Release|x64.ActiveCfg = Release|x64
		{CE6E4AAA-B190-4AEE-99A1-8269069784A3}.Release|x64.Build.0 = Release|x64
		{CE6E4AAA-B190-4AEE-99A1-8269069784A3}.Release|x86.ActiveCfg = Release|x86
		{CE6E4AAA-B190-4AEE-99A1-8269069784A3}.Release|x86.Build.0 = Release|x86
		{CE6E4AAA-B190-4AEE-99A1-8269069784A3}.Release|Any CPU.ActiveCfg = Release|x64
		{CE6E4AAA-B190-4AEE-99A1-8269069784A3}.Release|Any CPU.Build.0 = Release|x64
		{AF9B05B6-3BCA-4D35-BCC9-631273327FFF}.Debug|x64.ActiveCfg = Debug|x64
		{AF9B05B6-3BCA-4D35-BCC9-631273327FFF}.Debug|x64.Build.0 = Debug|x64
		{AF9B05B6-3BCA-4D35-BCC9-631273327FFF}.Debug|x86.ActiveCfg = Debug|x86
		{AF9B05B6-3BCA-4D35-BCC9-631273327FFF}.Debug|x86.Build.0 = Debug|x86
		{AF9B05B6-3BCA-4D35-BCC9-631273327FFF}.Debug|Any CPU.ActiveCfg = Debug|x64
		{AF9B05B6-3BCA-4D35-BCC9-631273327FFF}.Debug|Any CPU.Build.0 = Debug|x64
		{AF9B05B6-3BCA-4D35-BCC9-631273327FFF}.Release|x64.ActiveCfg = Release|x64
		{AF9B05B6-3BCA-4D35-BCC9-631273327FFF}.Release|x64.Build.0 = Release|x64
		{AF9B05B6-3BCA-4D35-BCC9-631273327FFF}.Release|x86.ActiveCfg = Release|x86
		{AF9B05B6-3BCA-4D35-BCC9-631273327FFF}.Release|x86.Build.0 = Release|x86
		{AF9B05B6-3BCA-4D35-BCC9-631273327FFF}.Release|Any CPU.ActiveCfg = Release|x64
		{AF9B05B6-3BCA-4D35-BCC9-631273327FFF}.Release|Any CPU.Build.0 = Release|x64
		{B545DA16-38F5-4E7F-BE5D-66770CA80799}.Debug|x64.ActiveCfg = Debug|x64
		{B545DA16-38F5-4E7F-BE5D-66770CA80799}.Debug|x64.Build.0 = Debug|x64
		{B545DA16-38F5-4E7F-BE5D-66770CA80799}.Debug|x86.ActiveCfg = Debug|x86
		{B545DA16-38F5-4E7F-BE5D-66770CA80799}.Debug|x86.Build.0 = Debug|x86
		{B545DA16-38F5-4E7F-BE5D-66770CA80799}.Debug|Any CPU.ActiveCfg = Debug|x64
		{B545DA16-38F5-4E7F-BE5D-66770CA80799}.Debug|Any CPU.Build.0 = Debug|x64
		{B545DA16-38F5-4E7F-BE5D-66770CA80799}.Release|x64.ActiveCfg = Release|x64
		{B545DA16-38F5-4E7F-BE5D-66770CA80799}.Release|x64.Build.0 = Release|x64
		{B545DA16-38F5-4E7F-BE5D-66770CA80799}.Release|x86.ActiveCfg = Release|x86
		{B545DA16-38F5-4E7F-BE5D-66770CA80799}.Release|x86.Build.0 = Release|x86
		{B545DA16-38F5-4E7F-BE5D-66770CA80799}.Release|Any CPU.ActiveCfg = Release|x64
		{B545DA16-38F5-4E7F-BE5D-66770CA80799}.Release|Any CPU.Build.0 = Release|x64
		{6E88B2E4-8900-4555-AED1-DD9DAF602BEC}.Debug|x64.ActiveCfg = Debug|x64
		{6E88B2E4-8900-4555-AED1-DD9DAF602BEC}.Debug|x64.Build.0 = Debug|x64
		{6E88B2E4-8900-4555-AED1-DD9DAF602BEC}.Debug|x86.ActiveCfg = Debug|x86
		{6E88B2E4-8900-4555-AED1-DD9DAF602BEC}.Debug|x86.Build.0 = Debug|x86
		{6E88B2E4-8900-4555-AED1-DD9DAF602BEC}.Debug|Any CPU.ActiveCfg = Debug|x64
		{6E88B2E4-8900-4555-AED1-DD9DAF602BEC}.Debug|Any CPU.Build.0 = Debug|x64
		{6E88B2E4-8900-4555-AED1-DD9DAF602BEC}.Release|x64.ActiveCfg = Release|x64
		{6E88B2E4-8900-4555-AED1-DD9DAF602BEC}.Release|x64.Build.0 = Release|x64
		{6E88B2E4-8900-4555-AED1-DD9DAF602BEC}.Release|x86.ActiveCfg = Release|x86
		{6E88B2E4-8900-4555-AED1-DD9DAF602BEC}.Release|x86.Build.0 = Release|x86
		{6E88B2E4-8900-4555-AED1-DD9DAF602BEC}.Release|Any CPU.ActiveCfg = Release|x64
		{6E88B2E4-8900-4555-AED1-DD9DAF602BEC}.Release|Any CPU.Build.0 = Release|x64
		{A8F4B5D1-9733-4E0D-8147-49DA3763B858}.Debug|x64.ActiveCfg = Debug|x64
		{A8F4B5D1-9733-4E0D-8147-49DA3763B858}.Debug|x64.Build.0 = Debug|x64
		{A8F4B5D1-9733-4E0D-8147-49DA3763B858}.Debug|x86.ActiveCfg = Debug|x86
		{A8F4B5D1-9733-4E0D-8147-49DA3763B858}.Debug|x86.Build.0 = Debug|x86
		{A8F4B5D1-9733-4E0D-8147-49DA3763B858}.Debug|Any CPU.ActiveCfg = Debug|x64
		{A8F4B5D1-9733-4E0D-8147-49DA3763B858}.Debug|Any CPU.Build.0 = Debug|x64
		{A8F4B5D1-9733-4E0D-8147-49DA3763B858}.Release|x64.ActiveCfg = Release|x64
		{A8F4B5D1-9733-4E0D-8147-49DA3763B858}.Release|x64.Build.0 = Release|x64
		{A8F4B5D1-9733-4E0D-8147-49DA3763B858}.Release|x86.ActiveCfg = Release|x86
		{A8F4B5D1-9733-4E0D-8147-49DA3763B858}.Release|x86.Build.0 = Release|x86
		{A8F4B5D1-9733-4E0D-8147-49DA3763B858}.Release|Any CPU.ActiveCfg = Release|x64
		{A8F4B5D1-9733-4E0D-8147-49DA3763B858}.Release|Any CPU.Build.0 = Release|x64
		{3655FFE6-E4D7-463F-8C84-465DA6403171}.Debug|x64.ActiveCfg = Debug|x64
		{3655FFE6-E4D7-463F-8C84-465DA6403171}.Debug|x64.Build.0 = Debug|x64
		{3655FFE6-E4D7-463F-8C84-465DA6403171}.Debug|x86.ActiveCfg = Debug|x86
		{3655FFE6-E4D7-463F-8C84-465DA6403171}.Debug|x86.Build.0 = Debug|x86
		{3655FFE6-E4D7-463F-8C84-465DA6403171}.Debug|Any CPU.ActiveCfg = Debug|x64
		{3655FFE6-E4D7-463F-8C84-465DA6403171}.Debug|Any CPU.Build.0 = Debug|x64
		{3655FFE6-E4D7-463F-8C84-465DA6403171}.Release|x64.ActiveCfg = Release|x64
		{3655FFE6-E4D7-463F-8C84-465DA6403171}.Release|x64.Build.0 = Release|x64
		{3655FFE6-E4D7-463F-8C84-465DA6403171}.Release|x86.ActiveCfg = Release|x86
		{3655FFE6-E4D7-463F-8C84-465DA6403171}.Release|x86.Build.0 = Release|x86
		{3655FFE6-E4D7-463F-8C84-465DA6403171}.Release|Any CPU.ActiveCfg = Release|x64
		{3655FFE6-E4D7-463F-8C84-465DA6403171}.Release|Any CPU.Build.0 = Release|x64
		{7C051DE6-D713-4625-B3C4-89CA525A20FF}.Debug|x64.ActiveCfg = Debug|x64
		{7C051DE6-D713-4625-B3C4-89CA525A20FF}.Debug|x64.Build.0 = Debug|x64
		{7C051DE6-D713-4625-B3C4-89CA525A20FF}.Debug|x86.ActiveCfg = Debug|x86
		{7C051DE6-D713-4625-B3C4-89CA525A20FF}.Debug|x86.Build.0 = Debug|x86
		{7C051DE6-D713-4625-B3C4-89CA525A20FF}.Debug|Any CPU.ActiveCfg = Debug|x64
		{7C051DE6-D713-4625-B3C4-89CA525A20FF}.Debug|Any CPU.Build.0 = Debug|x64
		{7C051DE6-D713-4625-B3C4-89CA525A20FF}.Release|x64.ActiveCfg = Release|x64
		{7C051DE6-D713-4625-B3C4-89CA525A20FF}.Release|x64.Build.0 = Release|x64
		{7C051DE6-D713-4625-B3C4-89CA525A20FF}.Release|x86.ActiveCfg = Release|x86
		{7C051DE6-D713-4625-B3C4-89CA525A20FF}.Release|x86.Build.0 = Release|x86
		{7C051DE6-D713-4625-B3C4-89CA525A20FF}.Release|Any CPU.ActiveCfg = Release|x64
		{7C051DE6-D713-4625-B3C4-89CA525A20FF}.Release|Any CPU.Build.0 = Release|x64
		{DFC108D6-9CB2-46C5-A4AE-1A4B7D4031D4}.Debug|x64.ActiveCfg = Debug|x64
		{DFC108D6-9CB2-46C5-A4AE-1A4B7D4031D4}.Debug|x64.Build.0 = Debug|x64
		{DFC108D6-9CB2-46C5-A4AE-1A4B7D4031D4}.Debug|x86.ActiveCfg = Debug|x86
		{DFC108D6-9CB2-46C5-A4AE-1A4B7D4031D4}.Debug|x86.Build.0 = Debug|x86
		{DFC108D6-9CB2-46C5-A4AE-1A4B7D4031D4}.Debug|Any CPU.ActiveCfg = Debug|x64
		{DFC108D6-9CB2-46C5-A4AE-1A4B7D4031D4}.Debug|Any CPU.Build.0 = Debug|x64
		{DFC108D6-9CB2-46C5-A4AE-1A4B7D4031D4}.Release|x64.ActiveCfg = Release|x64
		{DFC108D6-9CB2-46C5-A4AE-1A4B7D4031D4}.Release|x64.Build.0 = Release|x64
		{DFC108D6-9CB2-46C5-A4AE-1A4B7D4031D4}.Release|x86.ActiveCfg = Release|x86
		{DFC108D6-9CB2-46C5-A4AE-1A4B7D4031D4}.Release|x86.Build.0 = Release|x86
		{DFC108D6-9CB2-46C5-A4AE-1A4B7D4031D4}.Release|Any CPU.ActiveCfg = Release|x64
		{DFC108D6-9CB2-46C5-A4AE-1A4B7D4031D4}.Release|Any CPU.Build.0 = Release|x64
		{9E381B75-D922-4E7D-94B3-104C1ADCF99C}.Debug|x64.ActiveCfg = Debug|x64
		{9E381B75-D922-4E7D-94B3-104C1ADCF99C}.Debug|x64.Build.0 = Debug|x64
		{9E381B75-D922-4E7D-94B3-104C1ADCF99C}.Debug|x86.ActiveCfg = Debug|x86
		{9E381B75-D922-4E7D-94B3-104C1ADCF99C}.Debug|x86.Build.0 = Debug|x86
		{9E381B75-D922-4E7D-94B3-104C1ADCF99C}.Debug|Any CPU.ActiveCfg = Debug|x64
		{9E381B75-D922-4E7D-94B3-104C1ADCF99C}.Debug|Any CPU.Build.0 = Debug|x64
		{9E381B75-D922-4E7D-94B3-104C1ADCF99C}.Release|x64.ActiveCfg = Release|x64
		{9E381B75-D922-4E7D-94B3-104C1ADCF99C}.Release|x64.Build.0 = Release|x64
		{9E381B75-D922-4E7D-94B3-104C1ADCF99C}.Release|x86.ActiveCfg = Release|x86
		{9E381B75-D922-4E7D-94B3-104C1ADCF99C}.Release|x86.Build.0 = Release|x86
		{9E381B75-D922-4E7D-94B3-104C1ADCF99C}.Release|Any CPU.ActiveCfg = Release|x64
		{9E381B75-D922-4E7D-94B3-104C1ADCF99C}.Release|Any CPU.Build.0 = Release|x64
		{BE476572-C978-4F5A-954B-1C45F046C4EB}.Debug|x64.ActiveCfg = Debug|x64
		{BE476572-C978-4F5A-954B-1C45F046C4EB}.Debug|x64.Build.0 = Debug|x64
		{BE476572-C978-4F5A-954B-1C45F046C4EB}.Debug|x86.ActiveCfg = Debug|x86
		{BE476572-C978-4F5A-954B-1C45F046C4EB}.Debug|x86.Build.0 = Debug|x86
		{BE476572-C978-4F5A-954B-1C45F046C4EB}.Debug|Any CPU.ActiveCfg = Debug|x64
		{BE476572-C978-4F5A-954B-1C45F046C4EB}.Debug|Any CPU.Build.0 = Debug|x64
		{BE476572-C978-4F5A-954B-1C45F046C4EB}.Release|x64.ActiveCfg = Release|x64
		{BE476572-C978-4F5A-954B-1C45F046C4EB}.Release|x64.Build.0 = Release|x64
		{BE476572-C978-4F5A-954B-1C45F046C4EB}.Release|x86.ActiveCfg = Release|x86
		{BE476572-C978-4F5A-954B-1C45F046C4EB}.Release|x86.Build.0 = Release|x86
		{BE476572-C978-4F5A-954B-1C45F046C4EB}.Release|Any CPU.ActiveCfg = Release|x64
		{BE476572-C978-4F5A-954B-1C45F046C4EB}.Release|Any CPU.Build.0 = Release|x64
	EndGlobalSection
	GlobalSection(SolutionProperties) = preSolution
		HideSolutionNode = FALSE
	EndGlobalSection
	GlobalSection(NestedProjects) = preSolution
		{941E4957-1085-7C66-D0D9-7C2E0B76F236} = {7A4DF73B-B0C7-929C-DAF9-F205F639437C}
		{CE6E4AAA-B190-4AEE-99A1-8269069784A3} = {941E4957-1085-7C66-D0D9-7C2E0B76F236}
		{AF9B05B6-3BCA-4D35-BCC9-631273327FFF} = {941E4957-1085-7C66-D0D9-7C2E0B76F236}
		{2E124DFD-2743-932F-65C4-9708976462F4} = {7A4DF73B-B0C7-929C-DAF9-F205F639437C}
		{C9C21B14-55FB-BDA3-EAAF-5734C26003F9} = {2E124DFD-2743-932F-65C4-9708976462F4}
		{B545DA16-38F5-4E7F-BE5D-66770CA80799} = {C9C21B14-55FB-BDA3-EAAF-5734C26003F9}
		{6E88B2E4-8900-4555-AED1-DD9DAF602BEC} = {C9C21B14-55FB-BDA3-EAAF-5734C26003F9}
		{A8F4B5D1-9733-4E0D-8147-49DA3763B858} = {C9C21B14-55FB-BDA3-EAAF-5734C26003F9}
		{3655FFE6-E4D7-463F-8C84-465DA6403171} = {C9C21B14-55FB-BDA3-EAAF-5734C26003F9}
		{7C051DE6-D713-4625-B3C4-89CA525A20FF} = {2E124DFD-2743-932F-65C4-9708976462F4}
		{DFC108D6-9CB2-46C5-A4AE-1A4B7D4031D4} = {2E124DFD-2743-932F-65C4-9708976462F4}
		{E1742F77-7BC8-E89C-CF18-ECDB447C1011} = {2E124DFD-2743-932F-65C4-9708976462F4}
		{9E381B75-D922-4E7D-94B3-104C1ADCF99C} = {E1742F77-7BC8-E89C-CF18-ECDB447C1011}
		{BE476572-C978-4F5A-954B-1C45F046C4EB} = {7A4DF73B-B0C7-929C-DAF9-F205F639437C}
	EndGlobalSection
EndGlobal
